
Microsoft Visual Studio Solution File, Format Version 12.00
# Visual Studio Version 17
VisualStudioVersion = 17.11.35208.52
MinimumVisualStudioVersion = 10.0.40219.1
Project("{FAE04EC0-301F-11D3-BF4B-00C04F79EFBC}") = "ABCBrasil.Hackathon.Api", "ABCBrasil.Hackathon.Api\ABCBrasil.Hackathon.Api.csproj", "{2272B048-CC29-4F9D-BFCC-3A682627C228}"
EndProject
Project("{FAE04EC0-301F-11D3-BF4B-00C04F79EFBC}") = "ABCBrasil.Hackathon.Api.UnitTests", "ABCBrasil.Hackathon.Api.UnitTests\ABCBrasil.Hackathon.Api.UnitTests.csproj", "{34277738-440C-41DA-A987-ADA48B2A7917}"
EndProject
Global
	GlobalSection(SolutionConfigurationPlatforms) = preSolution
		Debug|Any CPU = Debug|Any CPU
		Release|Any CPU = Release|Any CPU
	EndGlobalSection
	GlobalSection(ProjectConfigurationPlatforms) = postSolution
		{2272B048-CC29-4F9D-BFCC-3A682627C228}.Debug|Any CPU.ActiveCfg = Debug|Any CPU
		{2272B048-CC29-4F9D-BFCC-3A682627C228}.Debug|Any CPU.Build.0 = Debug|Any CPU
		{2272B048-CC29-4F9D-BFCC-3A682627C228}.Release|Any CPU.ActiveCfg = Release|Any CPU
		{2272B048-CC29-4F9D-BFCC-3A682627C228}.Release|Any CPU.Build.0 = Release|Any CPU
		{34277738-440C-41DA-A987-ADA48B2A7917}.Debug|Any CPU.ActiveCfg = Debug|Any CPU
		{34277738-440C-41DA-A987-ADA48B2A7917}.Debug|Any CPU.Build.0 = Debug|Any CPU
		{34277738-440C-41DA-A987-ADA48B2A7917}.Release|Any CPU.ActiveCfg = Release|Any CPU
		{34277738-440C-41DA-A987-ADA48B2A7917}.Release|Any CPU.Build.0 = Release|Any CPU
	EndGlobalSection
	GlobalSection(SolutionProperties) = preSolution
		HideSolutionNode = FALSE
	EndGlobalSection
	GlobalSection(ExtensibilityGlobals) = postSolution
		SolutionGuid = {CD0F2181-2685-4988-8197-60D624EB0379}
	EndGlobalSection
EndGlobal
